
Microsoft Visual Studio Solution File, Format Version 12.00
# Visual Studio Version 17
VisualStudioVersion = 17.14.36301.6 d17.14
MinimumVisualStudioVersion = 10.0.40219.1
Project("{FAE04EC0-301F-11D3-BF4B-00C04F79EFBC}") = "AuthenticationAPI.Presentation", "AuthenticationAPI.Presentation\AuthenticationAPI.Presentation.csproj", "{2ED0D29E-4413-431D-BA04-74D9F87E6669}"
EndProject
Project("{FAE04EC0-301F-11D3-BF4B-00C04F79EFBC}") = "AuthenticationAPI.Domain", "AuthenticationAPI.Domain\AuthenticationAPI.Domain.csproj", "{6E38E05C-BEC9-46D6-A8DF-13E09EA8D460}"
EndProject
Project("{FAE04EC0-301F-11D3-BF4B-00C04F79EFBC}") = "AuthenticationAPI.Infrastructure", "AuthenticationAPI.Infrastructure\AuthenticationAPI.Infrastructure.csproj", "{BF991008-630F-4219-8DBE-F9DB192715CD}"
EndProject
Project("{FAE04EC0-301F-11D3-BF4B-00C04F79EFBC}") = "AuthenticationAPI.Application", "AuthenticationAPI.Application\AuthenticationAPI.Application.csproj", "{F1491CB7-3376-4F33-A93B-94E03E45FFEA}"
EndProject
Project("{FAE04EC0-301F-11D3-BF4B-00C04F79EFBC}") = "JayCare.SharedLibrary", "..\JayCare.SharedLibrarySolution\JayCare.SharedLibrary\JayCare.SharedLibrary.csproj", "{29640352-FDEC-A958-BD72-3DC01D40B362}"
EndProject
Global
	GlobalSection(SolutionConfigurationPlatforms) = preSolution
		Debug|Any CPU = Debug|Any CPU
		Release|Any CPU = Release|Any CPU
	EndGlobalSection
	GlobalSection(ProjectConfigurationPlatforms) = postSolution
		{2ED0D29E-4413-431D-BA04-74D9F87E6669}.Debug|Any CPU.ActiveCfg = Debug|Any CPU
		{2ED0D29E-4413-431D-BA04-74D9F87E6669}.Debug|Any CPU.Build.0 = Debug|Any CPU
		{2ED0D29E-4413-431D-BA04-74D9F87E6669}.Release|Any CPU.ActiveCfg = Release|Any CPU
		{2ED0D29E-4413-431D-BA04-74D9F87E6669}.Release|Any CPU.Build.0 = Release|Any CPU
		{6E38E05C-BEC9-46D6-A8DF-13E09EA8D460}.Debug|Any CPU.ActiveCfg = Debug|Any CPU
		{6E38E05C-BEC9-46D6-A8DF-13E09EA8D460}.Debug|Any CPU.Build.0 = Debug|Any CPU
		{6E38E05C-BEC9-46D6-A8DF-13E09EA8D460}.Release|Any CPU.ActiveCfg = Release|Any CPU
		{6E38E05C-BEC9-46D6-A8DF-13E09EA8D460}.Release|Any CPU.Build.0 = Release|Any CPU
		{BF991008-630F-4219-8DBE-F9DB192715CD}.Debug|Any CPU.ActiveCfg = Debug|Any CPU
		{BF991008-630F-4219-8DBE-F9DB192715CD}.Debug|Any CPU.Build.0 = Debug|Any CPU
		{BF991008-630F-4219-8DBE-F9DB192715CD}.Release|Any CPU.ActiveCfg = Release|Any CPU
		{BF991008-630F-4219-8DBE-F9DB192715CD}.Release|Any CPU.Build.0 = Release|Any CPU
		{F1491CB7-3376-4F33-A93B-94E03E45FFEA}.Debug|Any CPU.ActiveCfg = Debug|Any CPU
		{F1491CB7-3376-4F33-A93B-94E03E45FFEA}.Debug|Any CPU.Build.0 = Debug|Any CPU
		{F1491CB7-3376-4F33-A93B-94E03E45FFEA}.Release|Any CPU.ActiveCfg = Release|Any CPU
		{F1491CB7-3376-4F33-A93B-94E03E45FFEA}.Release|Any CPU.Build.0 = Release|Any CPU
		{29640352-FDEC-A958-BD72-3DC01D40B362}.Debug|Any CPU.ActiveCfg = Debug|Any CPU
		{29640352-FDEC-A958-BD72-3DC01D40B362}.Debug|Any CPU.Build.0 = Debug|Any CPU
		{29640352-FDEC-A958-BD72-3DC01D40B362}.Release|Any CPU.ActiveCfg = Release|Any CPU
		{29640352-FDEC-A958-BD72-3DC01D40B362}.Release|Any CPU.Build.0 = Release|Any CPU
	EndGlobalSection
	GlobalSection(SolutionProperties) = preSolution
		HideSolutionNode = FALSE
	EndGlobalSection
	GlobalSection(ExtensibilityGlobals) = postSolution
		SolutionGuid = {D31C83C5-31C7-4830-8594-6AB9CF1F1569}
	EndGlobalSection
EndGlobal
